
Microsoft Visual Studio Solution File, Format Version 12.00
# Visual Studio Version 16
VisualStudioVersion = 16.0.32002.261
MinimumVisualStudioVersion = 10.0.40219.1
Project("{9A19103F-16F7-4668-BE54-9A1E7A4F7556}") = "小算盤02", "小算盤02\小算盤02.csproj", "{FA6D94AF-760A-4357-8469-7B601FA309D7}"
EndProject
Global
	GlobalSection(SolutionConfigurationPlatforms) = preSolution
		Debug|Any CPU = Debug|Any CPU
		Release|Any CPU = Release|Any CPU
	EndGlobalSection
	GlobalSection(ProjectConfigurationPlatforms) = postSolution
		{FA6D94AF-760A-4357-8469-7B601FA309D7}.Debug|Any CPU.ActiveCfg = Debug|Any CPU
		{FA6D94AF-760A-4357-8469-7B601FA309D7}.Debug|Any CPU.Build.0 = Debug|Any CPU
		{FA6D94AF-760A-4357-8469-7B601FA309D7}.Release|Any CPU.ActiveCfg = Release|Any CPU
		{FA6D94AF-760A-4357-8469-7B601FA309D7}.Release|Any CPU.Build.0 = Release|Any CPU
	EndGlobalSection
	GlobalSection(SolutionProperties) = preSolution
		HideSolutionNode = FALSE
	EndGlobalSection
	GlobalSection(ExtensibilityGlobals) = postSolution
		SolutionGuid = {C3A94F60-0EBE-4C0B-8F4D-24974E9FAB70}
	EndGlobalSection
EndGlobal
